// !$*UTF8*$!
{
	archiveVersion = 1;
	classes = {
	};
	objectVersion = 55;
	objects = {

/* Begin PBXBuildFile section */
		ED2A28F82770570400646788 /* RudderTestingFramework.h in Headers */ = {isa = PBXBuildFile; fileRef = ED2A28F72770570400646788 /* RudderTestingFramework.h */; settings = {ATTRIBUTES = (Public, ); }; };
		EDAE4EB2286C488500AACDB5 /* RudderTestingFrameworkTests.swift in Sources */ = {isa = PBXBuildFile; fileRef = EDAE4EB1286C488500AACDB5 /* RudderTestingFrameworkTests.swift */; };
		EDAE4EB3286C488500AACDB5 /* RudderTestingFramework.framework in Frameworks */ = {isa = PBXBuildFile; fileRef = ED2A28EB2770560400646788 /* RudderTestingFramework.framework */; };
		EDAE4EBD286D7C5000AACDB5 /* RudderTestingFrameworkTests2.swift in Sources */ = {isa = PBXBuildFile; fileRef = EDAE4EBC286D7C5000AACDB5 /* RudderTestingFrameworkTests2.swift */; };
		EDAE4EBF286DA85700AACDB5 /* RudderTestingFrameworkTests3.swift in Sources */ = {isa = PBXBuildFile; fileRef = EDAE4EBE286DA85700AACDB5 /* RudderTestingFrameworkTests3.swift */; };
		EDF68FE727D1FD620005AAC6 /* RSTestingClass.swift in Sources */ = {isa = PBXBuildFile; fileRef = EDF68FE627D1FD620005AAC6 /* RSTestingClass.swift */; };
/* End PBXBuildFile section */

/* Begin PBXContainerItemProxy section */
		EDAE4EB4286C488500AACDB5 /* PBXContainerItemProxy */ = {
			isa = PBXContainerItemProxy;
			containerPortal = ED2A28E22770560400646788 /* Project object */;
			proxyType = 1;
			remoteGlobalIDString = ED2A28EA2770560400646788;
			remoteInfo = RudderTestingFramework;
		};
/* End PBXContainerItemProxy section */

/* Begin PBXFileReference section */
		ED2A28EB2770560400646788 /* RudderTestingFramework.framework */ = {isa = PBXFileReference; explicitFileType = wrapper.framework; includeInIndex = 0; path = RudderTestingFramework.framework; sourceTree = BUILT_PRODUCTS_DIR; };
		ED2A28F72770570400646788 /* RudderTestingFramework.h */ = {isa = PBXFileReference; fileEncoding = 4; lastKnownFileType = sourcecode.c.h; path = RudderTestingFramework.h; sourceTree = "<group>"; };
		ED2A28FA2770591E00646788 /* LICENSE */ = {isa = PBXFileReference; lastKnownFileType = text; path = LICENSE; sourceTree = "<group>"; };
		ED2A28FC2770591E00646788 /* README.md */ = {isa = PBXFileReference; lastKnownFileType = net.daringfireball.markdown; path = README.md; sourceTree = "<group>"; };
		EDAE4EAF286C488500AACDB5 /* RudderTestingFrameworkTests.xctest */ = {isa = PBXFileReference; explicitFileType = wrapper.cfbundle; includeInIndex = 0; path = RudderTestingFrameworkTests.xctest; sourceTree = BUILT_PRODUCTS_DIR; };
		EDAE4EB1286C488500AACDB5 /* RudderTestingFrameworkTests.swift */ = {isa = PBXFileReference; lastKnownFileType = sourcecode.swift; path = RudderTestingFrameworkTests.swift; sourceTree = "<group>"; };
		EDAE4EB9286C4DFD00AACDB5 /* .travis.yml */ = {isa = PBXFileReference; lastKnownFileType = text.yaml; path = .travis.yml; sourceTree = "<group>"; };
		EDAE4EBC286D7C5000AACDB5 /* RudderTestingFrameworkTests2.swift */ = {isa = PBXFileReference; lastKnownFileType = sourcecode.swift; path = RudderTestingFrameworkTests2.swift; sourceTree = "<group>"; };
		EDAE4EBE286DA85700AACDB5 /* RudderTestingFrameworkTests3.swift */ = {isa = PBXFileReference; lastKnownFileType = sourcecode.swift; path = RudderTestingFrameworkTests3.swift; sourceTree = "<group>"; };
		EDC132B127D9DBF400AFD833 /* RudderTestingFramework.podspec */ = {isa = PBXFileReference; lastKnownFileType = text; path = RudderTestingFramework.podspec; sourceTree = "<group>"; xcLanguageSpecificationIdentifier = xcode.lang.ruby; };
		EDF68FE627D1FD620005AAC6 /* RSTestingClass.swift */ = {isa = PBXFileReference; lastKnownFileType = sourcecode.swift; path = RSTestingClass.swift; sourceTree = "<group>"; };
/* End PBXFileReference section */

/* Begin PBXFrameworksBuildPhase section */
		ED2A28E82770560400646788 /* Frameworks */ = {
			isa = PBXFrameworksBuildPhase;
			buildActionMask = 2147483647;
			files = (
			);
			runOnlyForDeploymentPostprocessing = 0;
		};
		EDAE4EAC286C488500AACDB5 /* Frameworks */ = {
			isa = PBXFrameworksBuildPhase;
			buildActionMask = 2147483647;
			files = (
				EDAE4EB3286C488500AACDB5 /* RudderTestingFramework.framework in Frameworks */,
			);
			runOnlyForDeploymentPostprocessing = 0;
		};
/* End PBXFrameworksBuildPhase section */

/* Begin PBXGroup section */
		ED2A28E12770560400646788 = {
			isa = PBXGroup;
			children = (
				EDAE4EB9286C4DFD00AACDB5 /* .travis.yml */,
				ED2A28FA2770591E00646788 /* LICENSE */,
				ED2A28FC2770591E00646788 /* README.md */,
				EDC132B127D9DBF400AFD833 /* RudderTestingFramework.podspec */,
				ED2A28F52770570400646788 /* Sources */,
				EDAE4EB0286C488500AACDB5 /* RudderTestingFrameworkTests */,
				ED2A28EC2770560400646788 /* Products */,
			);
			sourceTree = "<group>";
		};
		ED2A28EC2770560400646788 /* Products */ = {
			isa = PBXGroup;
			children = (
				ED2A28EB2770560400646788 /* RudderTestingFramework.framework */,
				EDAE4EAF286C488500AACDB5 /* RudderTestingFrameworkTests.xctest */,
			);
			name = Products;
			sourceTree = "<group>";
		};
		ED2A28F52770570400646788 /* Sources */ = {
			isa = PBXGroup;
			children = (
				ED2A28F9277058FA00646788 /* Classes */,
				ED2A28F62770570400646788 /* SDKInfo */,
			);
			path = Sources;
			sourceTree = "<group>";
		};
		ED2A28F62770570400646788 /* SDKInfo */ = {
			isa = PBXGroup;
			children = (
				ED2A28F72770570400646788 /* RudderTestingFramework.h */,
			);
			path = SDKInfo;
			sourceTree = "<group>";
		};
		ED2A28F9277058FA00646788 /* Classes */ = {
			isa = PBXGroup;
			children = (
				EDF68FE627D1FD620005AAC6 /* RSTestingClass.swift */,
			);
			path = Classes;
			sourceTree = "<group>";
		};
		EDAE4EB0286C488500AACDB5 /* RudderTestingFrameworkTests */ = {
			isa = PBXGroup;
			children = (
				EDAE4EB1286C488500AACDB5 /* RudderTestingFrameworkTests.swift */,
				EDAE4EBC286D7C5000AACDB5 /* RudderTestingFrameworkTests2.swift */,
				EDAE4EBE286DA85700AACDB5 /* RudderTestingFrameworkTests3.swift */,
			);
			path = RudderTestingFrameworkTests;
			sourceTree = "<group>";
		};
/* End PBXGroup section */

/* Begin PBXHeadersBuildPhase section */
		ED2A28E62770560400646788 /* Headers */ = {
			isa = PBXHeadersBuildPhase;
			buildActionMask = 2147483647;
			files = (
				ED2A28F82770570400646788 /* RudderTestingFramework.h in Headers */,
			);
			runOnlyForDeploymentPostprocessing = 0;
		};
/* End PBXHeadersBuildPhase section */

/* Begin PBXNativeTarget section */
		ED2A28EA2770560400646788 /* RudderTestingFramework */ = {
			isa = PBXNativeTarget;
			buildConfigurationList = ED2A28F22770560400646788 /* Build configuration list for PBXNativeTarget "RudderTestingFramework" */;
			buildPhases = (
				ED2A28E62770560400646788 /* Headers */,
				ED2A28E72770560400646788 /* Sources */,
				ED2A28E82770560400646788 /* Frameworks */,
				ED2A28E92770560400646788 /* Resources */,
			);
			buildRules = (
			);
			dependencies = (
			);
			name = RudderTestingFramework;
			productName = RudderFirebase;
			productReference = ED2A28EB2770560400646788 /* RudderTestingFramework.framework */;
			productType = "com.apple.product-type.framework";
		};
		EDAE4EAE286C488500AACDB5 /* RudderTestingFrameworkTests */ = {
			isa = PBXNativeTarget;
			buildConfigurationList = EDAE4EB8286C488500AACDB5 /* Build configuration list for PBXNativeTarget "RudderTestingFrameworkTests" */;
			buildPhases = (
				EDAE4EAB286C488500AACDB5 /* Sources */,
				EDAE4EAC286C488500AACDB5 /* Frameworks */,
				EDAE4EAD286C488500AACDB5 /* Resources */,
			);
			buildRules = (
			);
			dependencies = (
				EDAE4EB5286C488500AACDB5 /* PBXTargetDependency */,
			);
			name = RudderTestingFrameworkTests;
			productName = RudderTestingFrameworkTests;
			productReference = EDAE4EAF286C488500AACDB5 /* RudderTestingFrameworkTests.xctest */;
			productType = "com.apple.product-type.bundle.unit-test";
		};
/* End PBXNativeTarget section */

/* Begin PBXProject section */
		ED2A28E22770560400646788 /* Project object */ = {
			isa = PBXProject;
			attributes = {
				BuildIndependentTargetsInParallel = 1;
				LastSwiftUpdateCheck = 1340;
				LastUpgradeCheck = 1320;
				TargetAttributes = {
					ED2A28EA2770560400646788 = {
						CreatedOnToolsVersion = 13.2.1;
						LastSwiftMigration = 1320;
					};
					EDAE4EAE286C488500AACDB5 = {
						CreatedOnToolsVersion = 13.4.1;
					};
				};
			};
			buildConfigurationList = ED2A28E52770560400646788 /* Build configuration list for PBXProject "RudderTestingFramework" */;
			compatibilityVersion = "Xcode 13.0";
			developmentRegion = en;
			hasScannedForEncodings = 0;
			knownRegions = (
				en,
				Base,
			);
			mainGroup = ED2A28E12770560400646788;
			productRefGroup = ED2A28EC2770560400646788 /* Products */;
			projectDirPath = "";
			projectRoot = "";
			targets = (
				ED2A28EA2770560400646788 /* RudderTestingFramework */,
				EDAE4EAE286C488500AACDB5 /* RudderTestingFrameworkTests */,
			);
		};
/* End PBXProject section */

/* Begin PBXResourcesBuildPhase section */
		ED2A28E92770560400646788 /* Resources */ = {
			isa = PBXResourcesBuildPhase;
			buildActionMask = 2147483647;
			files = (
			);
			runOnlyForDeploymentPostprocessing = 0;
		};
		EDAE4EAD286C488500AACDB5 /* Resources */ = {
			isa = PBXResourcesBuildPhase;
			buildActionMask = 2147483647;
			files = (
			);
			runOnlyForDeploymentPostprocessing = 0;
		};
/* End PBXResourcesBuildPhase section */

/* Begin PBXSourcesBuildPhase section */
		ED2A28E72770560400646788 /* Sources */ = {
			isa = PBXSourcesBuildPhase;
			buildActionMask = 2147483647;
			files = (
				EDF68FE727D1FD620005AAC6 /* RSTestingClass.swift in Sources */,
			);
			runOnlyForDeploymentPostprocessing = 0;
		};
		EDAE4EAB286C488500AACDB5 /* Sources */ = {
			isa = PBXSourcesBuildPhase;
			buildActionMask = 2147483647;
			files = (
				EDAE4EBD286D7C5000AACDB5 /* RudderTestingFrameworkTests2.swift in Sources */,
				EDAE4EBF286DA85700AACDB5 /* RudderTestingFrameworkTests3.swift in Sources */,
				EDAE4EB2286C488500AACDB5 /* RudderTestingFrameworkTests.swift in Sources */,
			);
			runOnlyForDeploymentPostprocessing = 0;
		};
/* End PBXSourcesBuildPhase section */

/* Begin PBXTargetDependency section */
		EDAE4EB5286C488500AACDB5 /* PBXTargetDependency */ = {
			isa = PBXTargetDependency;
			target = ED2A28EA2770560400646788 /* RudderTestingFramework */;
			targetProxy = EDAE4EB4286C488500AACDB5 /* PBXContainerItemProxy */;
		};
/* End PBXTargetDependency section */

/* Begin XCBuildConfiguration section */
		ED2A28F02770560400646788 /* Debug */ = {
			isa = XCBuildConfiguration;
			buildSettings = {
				ALWAYS_SEARCH_USER_PATHS = NO;
				CLANG_ANALYZER_NONNULL = YES;
				CLANG_ANALYZER_NUMBER_OBJECT_CONVERSION = YES_AGGRESSIVE;
				CLANG_CXX_LANGUAGE_STANDARD = "gnu++17";
				CLANG_CXX_LIBRARY = "libc++";
				CLANG_ENABLE_MODULES = YES;
				CLANG_ENABLE_OBJC_ARC = YES;
				CLANG_ENABLE_OBJC_WEAK = YES;
				CLANG_WARN_BLOCK_CAPTURE_AUTORELEASING = YES;
				CLANG_WARN_BOOL_CONVERSION = YES;
				CLANG_WARN_COMMA = YES;
				CLANG_WARN_CONSTANT_CONVERSION = YES;
				CLANG_WARN_DEPRECATED_OBJC_IMPLEMENTATIONS = YES;
				CLANG_WARN_DIRECT_OBJC_ISA_USAGE = YES_ERROR;
				CLANG_WARN_DOCUMENTATION_COMMENTS = YES;
				CLANG_WARN_EMPTY_BODY = YES;
				CLANG_WARN_ENUM_CONVERSION = YES;
				CLANG_WARN_INFINITE_RECURSION = YES;
				CLANG_WARN_INT_CONVERSION = YES;
				CLANG_WARN_NON_LITERAL_NULL_CONVERSION = YES;
				CLANG_WARN_OBJC_IMPLICIT_RETAIN_SELF = YES;
				CLANG_WARN_OBJC_LITERAL_CONVERSION = YES;
				CLANG_WARN_OBJC_ROOT_CLASS = YES_ERROR;
				CLANG_WARN_QUOTED_INCLUDE_IN_FRAMEWORK_HEADER = YES;
				CLANG_WARN_RANGE_LOOP_ANALYSIS = YES;
				CLANG_WARN_STRICT_PROTOTYPES = YES;
				CLANG_WARN_SUSPICIOUS_MOVE = YES;
				CLANG_WARN_UNGUARDED_AVAILABILITY = YES_AGGRESSIVE;
				CLANG_WARN_UNREACHABLE_CODE = YES;
				CLANG_WARN__DUPLICATE_METHOD_MATCH = YES;
				COPY_PHASE_STRIP = NO;
				CURRENT_PROJECT_VERSION = 1;
				DEBUG_INFORMATION_FORMAT = dwarf;
				ENABLE_STRICT_OBJC_MSGSEND = YES;
				ENABLE_TESTABILITY = YES;
				GCC_C_LANGUAGE_STANDARD = gnu11;
				GCC_DYNAMIC_NO_PIC = NO;
				GCC_NO_COMMON_BLOCKS = YES;
				GCC_OPTIMIZATION_LEVEL = 0;
				GCC_PREPROCESSOR_DEFINITIONS = (
					"DEBUG=1",
					"$(inherited)",
				);
				GCC_WARN_64_TO_32_BIT_CONVERSION = YES;
				GCC_WARN_ABOUT_RETURN_TYPE = YES_ERROR;
				GCC_WARN_UNDECLARED_SELECTOR = YES;
				GCC_WARN_UNINITIALIZED_AUTOS = YES_AGGRESSIVE;
				GCC_WARN_UNUSED_FUNCTION = YES;
				GCC_WARN_UNUSED_VARIABLE = YES;
				IPHONEOS_DEPLOYMENT_TARGET = 13.0;
				MTL_ENABLE_DEBUG_INFO = INCLUDE_SOURCE;
				MTL_FAST_MATH = YES;
				ONLY_ACTIVE_ARCH = YES;
				SDKROOT = iphoneos;
				SWIFT_ACTIVE_COMPILATION_CONDITIONS = DEBUG;
				SWIFT_OPTIMIZATION_LEVEL = "-Onone";
				VERSIONING_SYSTEM = "apple-generic";
				VERSION_INFO_PREFIX = "";
			};
			name = Debug;
		};
		ED2A28F12770560400646788 /* Release */ = {
			isa = XCBuildConfiguration;
			buildSettings = {
				ALWAYS_SEARCH_USER_PATHS = NO;
				CLANG_ANALYZER_NONNULL = YES;
				CLANG_ANALYZER_NUMBER_OBJECT_CONVERSION = YES_AGGRESSIVE;
				CLANG_CXX_LANGUAGE_STANDARD = "gnu++17";
				CLANG_CXX_LIBRARY = "libc++";
				CLANG_ENABLE_MODULES = YES;
				CLANG_ENABLE_OBJC_ARC = YES;
				CLANG_ENABLE_OBJC_WEAK = YES;
				CLANG_WARN_BLOCK_CAPTURE_AUTORELEASING = YES;
				CLANG_WARN_BOOL_CONVERSION = YES;
				CLANG_WARN_COMMA = YES;
				CLANG_WARN_CONSTANT_CONVERSION = YES;
				CLANG_WARN_DEPRECATED_OBJC_IMPLEMENTATIONS = YES;
				CLANG_WARN_DIRECT_OBJC_ISA_USAGE = YES_ERROR;
				CLANG_WARN_DOCUMENTATION_COMMENTS = YES;
				CLANG_WARN_EMPTY_BODY = YES;
				CLANG_WARN_ENUM_CONVERSION = YES;
				CLANG_WARN_INFINITE_RECURSION = YES;
				CLANG_WARN_INT_CONVERSION = YES;
				CLANG_WARN_NON_LITERAL_NULL_CONVERSION = YES;
				CLANG_WARN_OBJC_IMPLICIT_RETAIN_SELF = YES;
				CLANG_WARN_OBJC_LITERAL_CONVERSION = YES;
				CLANG_WARN_OBJC_ROOT_CLASS = YES_ERROR;
				CLANG_WARN_QUOTED_INCLUDE_IN_FRAMEWORK_HEADER = YES;
				CLANG_WARN_RANGE_LOOP_ANALYSIS = YES;
				CLANG_WARN_STRICT_PROTOTYPES = YES;
				CLANG_WARN_SUSPICIOUS_MOVE = YES;
				CLANG_WARN_UNGUARDED_AVAILABILITY = YES_AGGRESSIVE;
				CLANG_WARN_UNREACHABLE_CODE = YES;
				CLANG_WARN__DUPLICATE_METHOD_MATCH = YES;
				COPY_PHASE_STRIP = NO;
				CURRENT_PROJECT_VERSION = 1;
				DEBUG_INFORMATION_FORMAT = "dwarf-with-dsym";
				ENABLE_NS_ASSERTIONS = NO;
				ENABLE_STRICT_OBJC_MSGSEND = YES;
				GCC_C_LANGUAGE_STANDARD = gnu11;
				GCC_NO_COMMON_BLOCKS = YES;
				GCC_WARN_64_TO_32_BIT_CONVERSION = YES;
				GCC_WARN_ABOUT_RETURN_TYPE = YES_ERROR;
				GCC_WARN_UNDECLARED_SELECTOR = YES;
				GCC_WARN_UNINITIALIZED_AUTOS = YES_AGGRESSIVE;
				GCC_WARN_UNUSED_FUNCTION = YES;
				GCC_WARN_UNUSED_VARIABLE = YES;
				IPHONEOS_DEPLOYMENT_TARGET = 13.0;
				MTL_ENABLE_DEBUG_INFO = NO;
				MTL_FAST_MATH = YES;
				SDKROOT = iphoneos;
				SWIFT_COMPILATION_MODE = wholemodule;
				SWIFT_OPTIMIZATION_LEVEL = "-O";
				VALIDATE_PRODUCT = YES;
				VERSIONING_SYSTEM = "apple-generic";
				VERSION_INFO_PREFIX = "";
			};
			name = Release;
		};
		ED2A28F32770560400646788 /* Debug */ = {
			isa = XCBuildConfiguration;
			buildSettings = {
				BUILD_LIBRARY_FOR_DISTRIBUTION = YES;
				CLANG_ENABLE_MODULES = YES;
				CODE_SIGN_STYLE = Automatic;
				CURRENT_PROJECT_VERSION = 1;
				DEFINES_MODULE = YES;
				DEVELOPMENT_TEAM = GTGKNDBD23;
				DYLIB_COMPATIBILITY_VERSION = 1;
				DYLIB_CURRENT_VERSION = 1;
				DYLIB_INSTALL_NAME_BASE = "@rpath";
				GENERATE_INFOPLIST_FILE = YES;
				INFOPLIST_KEY_NSHumanReadableCopyright = "";
				INSTALL_PATH = "$(LOCAL_LIBRARY_DIR)/Frameworks";
				IPHONEOS_DEPLOYMENT_TARGET = 13.0;
				LD_RUNPATH_SEARCH_PATHS = (
					"$(inherited)",
					"@executable_path/Frameworks",
					"@loader_path/Frameworks",
				);
				MARKETING_VERSION = 1.0.1;
				PRODUCT_BUNDLE_IDENTIFIER = com.rudderstack.RudderTestingFramework;
				PRODUCT_NAME = "$(TARGET_NAME:c99extidentifier)";
				SKIP_INSTALL = YES;
				SWIFT_EMIT_LOC_STRINGS = YES;
				SWIFT_OPTIMIZATION_LEVEL = "-Onone";
				SWIFT_VERSION = 5.0;
				TARGETED_DEVICE_FAMILY = "1,2";
			};
			name = Debug;
		};
		ED2A28F42770560400646788 /* Release */ = {
			isa = XCBuildConfiguration;
			buildSettings = {
				BUILD_LIBRARY_FOR_DISTRIBUTION = YES;
				CLANG_ENABLE_MODULES = YES;
				CODE_SIGN_STYLE = Automatic;
				CURRENT_PROJECT_VERSION = 1;
				DEFINES_MODULE = YES;
				DEVELOPMENT_TEAM = GTGKNDBD23;
				DYLIB_COMPATIBILITY_VERSION = 1;
				DYLIB_CURRENT_VERSION = 1;
				DYLIB_INSTALL_NAME_BASE = "@rpath";
				GENERATE_INFOPLIST_FILE = YES;
				INFOPLIST_KEY_NSHumanReadableCopyright = "";
				INSTALL_PATH = "$(LOCAL_LIBRARY_DIR)/Frameworks";
				IPHONEOS_DEPLOYMENT_TARGET = 13.0;
				LD_RUNPATH_SEARCH_PATHS = (
					"$(inherited)",
					"@executable_path/Frameworks",
					"@loader_path/Frameworks",
				);
				MARKETING_VERSION = 1.0.1;
				PRODUCT_BUNDLE_IDENTIFIER = com.rudderstack.RudderTestingFramework;
				PRODUCT_NAME = "$(TARGET_NAME:c99extidentifier)";
				SKIP_INSTALL = YES;
				SWIFT_EMIT_LOC_STRINGS = YES;
				SWIFT_VERSION = 5.0;
				TARGETED_DEVICE_FAMILY = "1,2";
			};
			name = Release;
		};
		EDAE4EB6286C488500AACDB5 /* Debug */ = {
			isa = XCBuildConfiguration;
			buildSettings = {
				CODE_SIGN_STYLE = Automatic;
				CURRENT_PROJECT_VERSION = 1;
				DEVELOPMENT_TEAM = Z6DGB573C6;
				GENERATE_INFOPLIST_FILE = YES;
				IPHONEOS_DEPLOYMENT_TARGET = 15.5;
				MARKETING_VERSION = 1.0;
				PRODUCT_BUNDLE_IDENTIFIER = com.rudderstack.RudderTestingFrameworkTests;
				PRODUCT_NAME = "$(TARGET_NAME)";
				SWIFT_EMIT_LOC_STRINGS = NO;
				SWIFT_VERSION = 5.0;
				TARGETED_DEVICE_FAMILY = "1,2";
			};
			name = Debug;
		};
		EDAE4EB7286C488500AACDB5 /* Release */ = {
			isa = XCBuildConfiguration;
			buildSettings = {
				CODE_SIGN_STYLE = Automatic;
				CURRENT_PROJECT_VERSION = 1;
				DEVELOPMENT_TEAM = Z6DGB573C6;
				GENERATE_INFOPLIST_FILE = YES;
				IPHONEOS_DEPLOYMENT_TARGET = 15.5;
				MARKETING_VERSION = 1.0;
				PRODUCT_BUNDLE_IDENTIFIER = com.rudderstack.RudderTestingFrameworkTests;
				PRODUCT_NAME = "$(TARGET_NAME)";
				SWIFT_EMIT_LOC_STRINGS = NO;
				SWIFT_VERSION = 5.0;
				TARGETED_DEVICE_FAMILY = "1,2";
			};
			name = Release;
		};
/* End XCBuildConfiguration section */

/* Begin XCConfigurationList section */
		ED2A28E52770560400646788 /* Build configuration list for PBXProject "RudderTestingFramework" */ = {
			isa = XCConfigurationList;
			buildConfigurations = (
				ED2A28F02770560400646788 /* Debug */,
				ED2A28F12770560400646788 /* Release */,
			);
			defaultConfigurationIsVisible = 0;
			defaultConfigurationName = Release;
		};
		ED2A28F22770560400646788 /* Build configuration list for PBXNativeTarget "RudderTestingFramework" */ = {
			isa = XCConfigurationList;
			buildConfigurations = (
				ED2A28F32770560400646788 /* Debug */,
				ED2A28F42770560400646788 /* Release */,
			);
			defaultConfigurationIsVisible = 0;
			defaultConfigurationName = Release;
		};
		EDAE4EB8286C488500AACDB5 /* Build configuration list for PBXNativeTarget "RudderTestingFrameworkTests" */ = {
			isa = XCConfigurationList;
			buildConfigurations = (
				EDAE4EB6286C488500AACDB5 /* Debug */,
				EDAE4EB7286C488500AACDB5 /* Release */,
			);
			defaultConfigurationIsVisible = 0;
			defaultConfigurationName = Release;
		};
/* End XCConfigurationList section */
	};
	rootObject = ED2A28E22770560400646788 /* Project object */;
}
